
Microsoft Visual Studio Solution File, Format Version 11.00
# Visual Studio 2010
Project("{FAE04EC0-301F-11D3-BF4B-00C04F79EFBC}") = "MavenThought.Commons", "main\MavenThought.Commons\MavenThought.Commons.csproj", "{4CCEA239-252A-49D8-8BC0-2673AEE5FDE6}"
EndProject
Project("{FAE04EC0-301F-11D3-BF4B-00C04F79EFBC}") = "MavenThought.Commons.WPF", "main\MavenThought.Commons.WPF\MavenThought.Commons.WPF.csproj", "{8F012F85-8013-42C3-B59A-15566B039119}"
EndProject
Project("{2150E333-8FDC-42A3-9474-1A3956D46DE8}") = "Tests", "Tests", "{649CE609-D209-494C-BB1F-3DDB680CBC9A}"
EndProject
Project("{FAE04EC0-301F-11D3-BF4B-00C04F79EFBC}") = "MavenThought.Commons.Tests", "test\MavenThought.Commons.Tests\MavenThought.Commons.Tests.csproj", "{2C8C8E2F-93B1-40B7-A877-37C3A740FBCF}"
EndProject
Project("{FAE04EC0-301F-11D3-BF4B-00C04F79EFBC}") = "MavenThought.Commons.Logging", "main\MavenThought.Commons.Logging\MavenThought.Commons.Logging.csproj", "{B4DB97B5-4913-4650-B4A8-7DACB285DA20}"
EndProject
Project("{FAE04EC0-301F-11D3-BF4B-00C04F79EFBC}") = "MavenThought.Commons.Logging.Tests", "test\MavenThought.Commons.Logging.Tests\MavenThought.Commons.Logging.Tests.csproj", "{A0111EB4-8A28-4786-951B-DF05DB4B4231}"
EndProject
Global
	GlobalSection(SolutionConfigurationPlatforms) = preSolution
		Debug|Any CPU = Debug|Any CPU
		Release|Any CPU = Release|Any CPU
	EndGlobalSection
	GlobalSection(ProjectConfigurationPlatforms) = postSolution
		{4CCEA239-252A-49D8-8BC0-2673AEE5FDE6}.Debug|Any CPU.ActiveCfg = Debug|Any CPU
		{4CCEA239-252A-49D8-8BC0-2673AEE5FDE6}.Debug|Any CPU.Build.0 = Debug|Any CPU
		{4CCEA239-252A-49D8-8BC0-2673AEE5FDE6}.Release|Any CPU.ActiveCfg = Release|Any CPU
		{4CCEA239-252A-49D8-8BC0-2673AEE5FDE6}.Release|Any CPU.Build.0 = Release|Any CPU
		{8F012F85-8013-42C3-B59A-15566B039119}.Debug|Any CPU.ActiveCfg = Debug|Any CPU
		{8F012F85-8013-42C3-B59A-15566B039119}.Debug|Any CPU.Build.0 = Debug|Any CPU
		{8F012F85-8013-42C3-B59A-15566B039119}.Release|Any CPU.ActiveCfg = Release|Any CPU
		{8F012F85-8013-42C3-B59A-15566B039119}.Release|Any CPU.Build.0 = Release|Any CPU
		{2C8C8E2F-93B1-40B7-A877-37C3A740FBCF}.Debug|Any CPU.ActiveCfg = Debug|Any CPU
		{2C8C8E2F-93B1-40B7-A877-37C3A740FBCF}.Debug|Any CPU.Build.0 = Debug|Any CPU
		{2C8C8E2F-93B1-40B7-A877-37C3A740FBCF}.Release|Any CPU.ActiveCfg = Release|Any CPU
		{2C8C8E2F-93B1-40B7-A877-37C3A740FBCF}.Release|Any CPU.Build.0 = Release|Any CPU
		{B4DB97B5-4913-4650-B4A8-7DACB285DA20}.Debug|Any CPU.ActiveCfg = Debug|Any CPU
		{B4DB97B5-4913-4650-B4A8-7DACB285DA20}.Debug|Any CPU.Build.0 = Debug|Any CPU
		{B4DB97B5-4913-4650-B4A8-7DACB285DA20}.Release|Any CPU.ActiveCfg = Release|Any CPU
		{B4DB97B5-4913-4650-B4A8-7DACB285DA20}.Release|Any CPU.Build.0 = Release|Any CPU
		{A0111EB4-8A28-4786-951B-DF05DB4B4231}.Debug|Any CPU.ActiveCfg = Debug|Any CPU
		{A0111EB4-8A28-4786-951B-DF05DB4B4231}.Debug|Any CPU.Build.0 = Debug|Any CPU
		{A0111EB4-8A28-4786-951B-DF05DB4B4231}.Release|Any CPU.ActiveCfg = Release|Any CPU
		{A0111EB4-8A28-4786-951B-DF05DB4B4231}.Release|Any CPU.Build.0 = Release|Any CPU
	EndGlobalSection
	GlobalSection(SolutionProperties) = preSolution
		HideSolutionNode = FALSE
	EndGlobalSection
	GlobalSection(NestedProjects) = preSolution
		{2C8C8E2F-93B1-40B7-A877-37C3A740FBCF} = {649CE609-D209-494C-BB1F-3DDB680CBC9A}
		{A0111EB4-8A28-4786-951B-DF05DB4B4231} = {649CE609-D209-494C-BB1F-3DDB680CBC9A}
	EndGlobalSection
EndGlobal
